// !$*UTF8*$!
{
	archiveVersion = 1;
	classes = {
	};
	objectVersion = 50;
	objects = {

/* Begin PBXBuildFile section */
		53B140DD230B0FD9008AE180 /* Symptom.swift in Sources */ = {isa = PBXBuildFile; fileRef = 53B140DC230B0FD9008AE180 /* Symptom.swift */; };
		53B140DF230B0FE8008AE180 /* Flow.swift in Sources */ = {isa = PBXBuildFile; fileRef = 53B140DE230B0FE8008AE180 /* Flow.swift */; };
		53B140E1230B11E0008AE180 /* Mood.swift in Sources */ = {isa = PBXBuildFile; fileRef = 53B140E0230B11E0008AE180 /* Mood.swift */; };
		53B140E3230B11E7008AE180 /* Sex.swift in Sources */ = {isa = PBXBuildFile; fileRef = 53B140E2230B11E7008AE180 /* Sex.swift */; };
		53B140E5230B11FB008AE180 /* Day.swift in Sources */ = {isa = PBXBuildFile; fileRef = 53B140E4230B11FB008AE180 /* Day.swift */; };
		58C0A28A230B04B700A63ACD /* AppDelegate.swift in Sources */ = {isa = PBXBuildFile; fileRef = 58C0A289230B04B700A63ACD /* AppDelegate.swift */; };
		58C0A28F230B04B700A63ACD /* Main.storyboard in Resources */ = {isa = PBXBuildFile; fileRef = 58C0A28D230B04B700A63ACD /* Main.storyboard */; };
		58C0A291230B04B900A63ACD /* Assets.xcassets in Resources */ = {isa = PBXBuildFile; fileRef = 58C0A290230B04B900A63ACD /* Assets.xcassets */; };
		58C0A294230B04B900A63ACD /* LaunchScreen.storyboard in Resources */ = {isa = PBXBuildFile; fileRef = 58C0A292230B04B900A63ACD /* LaunchScreen.storyboard */; };
		58C0A2A3230B054200A63ACD /* CloudKit.framework in Frameworks */ = {isa = PBXBuildFile; fileRef = 58C0A2A2230B054200A63ACD /* CloudKit.framework */; };
/* End PBXBuildFile section */

/* Begin PBXFileReference section */
		53B140DC230B0FD9008AE180 /* Symptom.swift */ = {isa = PBXFileReference; lastKnownFileType = sourcecode.swift; path = Symptom.swift; sourceTree = "<group>"; };
		53B140DE230B0FE8008AE180 /* Flow.swift */ = {isa = PBXFileReference; lastKnownFileType = sourcecode.swift; path = Flow.swift; sourceTree = "<group>"; };
		53B140E0230B11E0008AE180 /* Mood.swift */ = {isa = PBXFileReference; lastKnownFileType = sourcecode.swift; path = Mood.swift; sourceTree = "<group>"; };
		53B140E2230B11E7008AE180 /* Sex.swift */ = {isa = PBXFileReference; lastKnownFileType = sourcecode.swift; path = Sex.swift; sourceTree = "<group>"; };
		53B140E4230B11FB008AE180 /* Day.swift */ = {isa = PBXFileReference; lastKnownFileType = sourcecode.swift; path = Day.swift; sourceTree = "<group>"; };
		58C0A286230B04B700A63ACD /* know..app */ = {isa = PBXFileReference; explicitFileType = wrapper.application; includeInIndex = 0; path = know..app; sourceTree = BUILT_PRODUCTS_DIR; };
		58C0A289230B04B700A63ACD /* AppDelegate.swift */ = {isa = PBXFileReference; lastKnownFileType = sourcecode.swift; path = AppDelegate.swift; sourceTree = "<group>"; };
		58C0A28E230B04B700A63ACD /* Base */ = {isa = PBXFileReference; lastKnownFileType = file.storyboard; name = Base; path = Base.lproj/Main.storyboard; sourceTree = "<group>"; };
		58C0A290230B04B900A63ACD /* Assets.xcassets */ = {isa = PBXFileReference; lastKnownFileType = folder.assetcatalog; path = Assets.xcassets; sourceTree = "<group>"; };
		58C0A293230B04B900A63ACD /* Base */ = {isa = PBXFileReference; lastKnownFileType = file.storyboard; name = Base; path = Base.lproj/LaunchScreen.storyboard; sourceTree = "<group>"; };
		58C0A295230B04B900A63ACD /* Info.plist */ = {isa = PBXFileReference; lastKnownFileType = text.plist.xml; path = Info.plist; sourceTree = "<group>"; };
		58C0A2A0230B054000A63ACD /* know..entitlements */ = {isa = PBXFileReference; lastKnownFileType = text.plist.entitlements; path = know..entitlements; sourceTree = "<group>"; };
		58C0A2A2230B054200A63ACD /* CloudKit.framework */ = {isa = PBXFileReference; lastKnownFileType = wrapper.framework; name = CloudKit.framework; path = System/Library/Frameworks/CloudKit.framework; sourceTree = SDKROOT; };
/* End PBXFileReference section */

/* Begin PBXFrameworksBuildPhase section */
		58C0A283230B04B700A63ACD /* Frameworks */ = {
			isa = PBXFrameworksBuildPhase;
			buildActionMask = 2147483647;
			files = (
				58C0A2A3230B054200A63ACD /* CloudKit.framework in Frameworks */,
			);
			runOnlyForDeploymentPostprocessing = 0;
		};
/* End PBXFrameworksBuildPhase section */

/* Begin PBXGroup section */
		58C0A27D230B04B700A63ACD = {
			isa = PBXGroup;
			children = (
				58C0A288230B04B700A63ACD /* know. */,
				58C0A287230B04B700A63ACD /* Products */,
				58C0A2A1230B054200A63ACD /* Frameworks */,
			);
			sourceTree = "<group>";
		};
		58C0A287230B04B700A63ACD /* Products */ = {
			isa = PBXGroup;
			children = (
				58C0A286230B04B700A63ACD /* know..app */,
			);
			name = Products;
			sourceTree = "<group>";
		};
		58C0A288230B04B700A63ACD /* know. */ = {
			isa = PBXGroup;
			children = (
				58C0A2A0230B054000A63ACD /* know..entitlements */,
				58C0A29F230B052000A63ACD /* Views */,
				58C0A29E230B051700A63ACD /* View Controllers */,
				58C0A29D230B051100A63ACD /* Model Controllers */,
				58C0A29C230B04F900A63ACD /* Models */,
				58C0A29B230B04D200A63ACD /* Resources */,
			);
			path = know.;
			sourceTree = "<group>";
		};
		58C0A29B230B04D200A63ACD /* Resources */ = {
			isa = PBXGroup;
			children = (
				58C0A289230B04B700A63ACD /* AppDelegate.swift */,
				58C0A290230B04B900A63ACD /* Assets.xcassets */,
				58C0A292230B04B900A63ACD /* LaunchScreen.storyboard */,
				58C0A295230B04B900A63ACD /* Info.plist */,
			);
			path = Resources;
			sourceTree = "<group>";
		};
		58C0A29C230B04F900A63ACD /* Models */ = {
			isa = PBXGroup;
			children = (
				53B140E4230B11FB008AE180 /* Day.swift */,
				53B140DE230B0FE8008AE180 /* Flow.swift */,
				53B140DC230B0FD9008AE180 /* Symptom.swift */,
				53B140E0230B11E0008AE180 /* Mood.swift */,
				53B140E2230B11E7008AE180 /* Sex.swift */,
			);
			path = Models;
			sourceTree = "<group>";
		};
		58C0A29D230B051100A63ACD /* Model Controllers */ = {
			isa = PBXGroup;
			children = (
			);
			path = "Model Controllers";
			sourceTree = "<group>";
		};
		58C0A29E230B051700A63ACD /* View Controllers */ = {
			isa = PBXGroup;
			children = (
			);
			path = "View Controllers";
			sourceTree = "<group>";
		};
		58C0A29F230B052000A63ACD /* Views */ = {
			isa = PBXGroup;
			children = (
				58C0A28D230B04B700A63ACD /* Main.storyboard */,
			);
			path = Views;
			sourceTree = "<group>";
		};
		58C0A2A1230B054200A63ACD /* Frameworks */ = {
			isa = PBXGroup;
			children = (
				58C0A2A2230B054200A63ACD /* CloudKit.framework */,
			);
			name = Frameworks;
			sourceTree = "<group>";
		};
/* End PBXGroup section */

/* Begin PBXNativeTarget section */
		58C0A285230B04B700A63ACD /* know. */ = {
			isa = PBXNativeTarget;
			buildConfigurationList = 58C0A298230B04B900A63ACD /* Build configuration list for PBXNativeTarget "know." */;
			buildPhases = (
				58C0A282230B04B700A63ACD /* Sources */,
				58C0A283230B04B700A63ACD /* Frameworks */,
				58C0A284230B04B700A63ACD /* Resources */,
			);
			buildRules = (
			);
			dependencies = (
			);
			name = know.;
			productName = know.;
			productReference = 58C0A286230B04B700A63ACD /* know..app */;
			productType = "com.apple.product-type.application";
		};
/* End PBXNativeTarget section */

/* Begin PBXProject section */
		58C0A27E230B04B700A63ACD /* Project object */ = {
			isa = PBXProject;
			attributes = {
				LastSwiftUpdateCheck = 1030;
				LastUpgradeCheck = 1030;
				ORGANIZATIONNAME = "Darin Armstrong";
				TargetAttributes = {
					58C0A285230B04B700A63ACD = {
						CreatedOnToolsVersion = 10.3;
						SystemCapabilities = {
							com.apple.Push = {
								enabled = 1;
							};
							com.apple.iCloud = {
								enabled = 1;
							};
						};
					};
				};
			};
			buildConfigurationList = 58C0A281230B04B700A63ACD /* Build configuration list for PBXProject "know." */;
			compatibilityVersion = "Xcode 9.3";
			developmentRegion = en;
			hasScannedForEncodings = 0;
			knownRegions = (
				en,
				Base,
			);
			mainGroup = 58C0A27D230B04B700A63ACD;
			productRefGroup = 58C0A287230B04B700A63ACD /* Products */;
			projectDirPath = "";
			projectRoot = "";
			targets = (
				58C0A285230B04B700A63ACD /* know. */,
			);
		};
/* End PBXProject section */

/* Begin PBXResourcesBuildPhase section */
		58C0A284230B04B700A63ACD /* Resources */ = {
			isa = PBXResourcesBuildPhase;
			buildActionMask = 2147483647;
			files = (
				58C0A294230B04B900A63ACD /* LaunchScreen.storyboard in Resources */,
				58C0A291230B04B900A63ACD /* Assets.xcassets in Resources */,
				58C0A28F230B04B700A63ACD /* Main.storyboard in Resources */,
			);
			runOnlyForDeploymentPostprocessing = 0;
		};
/* End PBXResourcesBuildPhase section */

/* Begin PBXSourcesBuildPhase section */
		58C0A282230B04B700A63ACD /* Sources */ = {
			isa = PBXSourcesBuildPhase;
			buildActionMask = 2147483647;
			files = (
				53B140E3230B11E7008AE180 /* Sex.swift in Sources */,
				53B140E1230B11E0008AE180 /* Mood.swift in Sources */,
				53B140E5230B11FB008AE180 /* Day.swift in Sources */,
				53B140DF230B0FE8008AE180 /* Flow.swift in Sources */,
				58C0A28A230B04B700A63ACD /* AppDelegate.swift in Sources */,
				53B140DD230B0FD9008AE180 /* Symptom.swift in Sources */,
			);
			runOnlyForDeploymentPostprocessing = 0;
		};
/* End PBXSourcesBuildPhase section */

/* Begin PBXVariantGroup section */
		58C0A28D230B04B700A63ACD /* Main.storyboard */ = {
			isa = PBXVariantGroup;
			children = (
				58C0A28E230B04B700A63ACD /* Base */,
			);
			name = Main.storyboard;
			sourceTree = "<group>";
		};
		58C0A292230B04B900A63ACD /* LaunchScreen.storyboard */ = {
			isa = PBXVariantGroup;
			children = (
				58C0A293230B04B900A63ACD /* Base */,
			);
			name = LaunchScreen.storyboard;
			sourceTree = "<group>";
		};
/* End PBXVariantGroup section */

/* Begin XCBuildConfiguration section */
		58C0A296230B04B900A63ACD /* Debug */ = {
			isa = XCBuildConfiguration;
			buildSettings = {
				ALWAYS_SEARCH_USER_PATHS = NO;
				CLANG_ANALYZER_NONNULL = YES;
				CLANG_ANALYZER_NUMBER_OBJECT_CONVERSION = YES_AGGRESSIVE;
				CLANG_CXX_LANGUAGE_STANDARD = "gnu++14";
				CLANG_CXX_LIBRARY = "libc++";
				CLANG_ENABLE_MODULES = YES;
				CLANG_ENABLE_OBJC_ARC = YES;
				CLANG_ENABLE_OBJC_WEAK = YES;
				CLANG_WARN_BLOCK_CAPTURE_AUTORELEASING = YES;
				CLANG_WARN_BOOL_CONVERSION = YES;
				CLANG_WARN_COMMA = YES;
				CLANG_WARN_CONSTANT_CONVERSION = YES;
				CLANG_WARN_DEPRECATED_OBJC_IMPLEMENTATIONS = YES;
				CLANG_WARN_DIRECT_OBJC_ISA_USAGE = YES_ERROR;
				CLANG_WARN_DOCUMENTATION_COMMENTS = YES;
				CLANG_WARN_EMPTY_BODY = YES;
				CLANG_WARN_ENUM_CONVERSION = YES;
				CLANG_WARN_INFINITE_RECURSION = YES;
				CLANG_WARN_INT_CONVERSION = YES;
				CLANG_WARN_NON_LITERAL_NULL_CONVERSION = YES;
				CLANG_WARN_OBJC_IMPLICIT_RETAIN_SELF = YES;
				CLANG_WARN_OBJC_LITERAL_CONVERSION = YES;
				CLANG_WARN_OBJC_ROOT_CLASS = YES_ERROR;
				CLANG_WARN_RANGE_LOOP_ANALYSIS = YES;
				CLANG_WARN_STRICT_PROTOTYPES = YES;
				CLANG_WARN_SUSPICIOUS_MOVE = YES;
				CLANG_WARN_UNGUARDED_AVAILABILITY = YES_AGGRESSIVE;
				CLANG_WARN_UNREACHABLE_CODE = YES;
				CLANG_WARN__DUPLICATE_METHOD_MATCH = YES;
				CODE_SIGN_IDENTITY = "iPhone Developer";
				COPY_PHASE_STRIP = NO;
				DEBUG_INFORMATION_FORMAT = dwarf;
				ENABLE_STRICT_OBJC_MSGSEND = YES;
				ENABLE_TESTABILITY = YES;
				GCC_C_LANGUAGE_STANDARD = gnu11;
				GCC_DYNAMIC_NO_PIC = NO;
				GCC_NO_COMMON_BLOCKS = YES;
				GCC_OPTIMIZATION_LEVEL = 0;
				GCC_PREPROCESSOR_DEFINITIONS = (
					"DEBUG=1",
					"$(inherited)",
				);
				GCC_WARN_64_TO_32_BIT_CONVERSION = YES;
				GCC_WARN_ABOUT_RETURN_TYPE = YES_ERROR;
				GCC_WARN_UNDECLARED_SELECTOR = YES;
				GCC_WARN_UNINITIALIZED_AUTOS = YES_AGGRESSIVE;
				GCC_WARN_UNUSED_FUNCTION = YES;
				GCC_WARN_UNUSED_VARIABLE = YES;
				IPHONEOS_DEPLOYMENT_TARGET = 12.4;
				MTL_ENABLE_DEBUG_INFO = INCLUDE_SOURCE;
				MTL_FAST_MATH = YES;
				ONLY_ACTIVE_ARCH = YES;
				SDKROOT = iphoneos;
				SWIFT_ACTIVE_COMPILATION_CONDITIONS = DEBUG;
				SWIFT_OPTIMIZATION_LEVEL = "-Onone";
			};
			name = Debug;
		};
		58C0A297230B04B900A63ACD /* Release */ = {
			isa = XCBuildConfiguration;
			buildSettings = {
				ALWAYS_SEARCH_USER_PATHS = NO;
				CLANG_ANALYZER_NONNULL = YES;
				CLANG_ANALYZER_NUMBER_OBJECT_CONVERSION = YES_AGGRESSIVE;
				CLANG_CXX_LANGUAGE_STANDARD = "gnu++14";
				CLANG_CXX_LIBRARY = "libc++";
				CLANG_ENABLE_MODULES = YES;
				CLANG_ENABLE_OBJC_ARC = YES;
				CLANG_ENABLE_OBJC_WEAK = YES;
				CLANG_WARN_BLOCK_CAPTURE_AUTORELEASING = YES;
				CLANG_WARN_BOOL_CONVERSION = YES;
				CLANG_WARN_COMMA = YES;
				CLANG_WARN_CONSTANT_CONVERSION = YES;
				CLANG_WARN_DEPRECATED_OBJC_IMPLEMENTATIONS = YES;
				CLANG_WARN_DIRECT_OBJC_ISA_USAGE = YES_ERROR;
				CLANG_WARN_DOCUMENTATION_COMMENTS = YES;
				CLANG_WARN_EMPTY_BODY = YES;
				CLANG_WARN_ENUM_CONVERSION = YES;
				CLANG_WARN_INFINITE_RECURSION = YES;
				CLANG_WARN_INT_CONVERSION = YES;
				CLANG_WARN_NON_LITERAL_NULL_CONVERSION = YES;
				CLANG_WARN_OBJC_IMPLICIT_RETAIN_SELF = YES;
				CLANG_WARN_OBJC_LITERAL_CONVERSION = YES;
				CLANG_WARN_OBJC_ROOT_CLASS = YES_ERROR;
				CLANG_WARN_RANGE_LOOP_ANALYSIS = YES;
				CLANG_WARN_STRICT_PROTOTYPES = YES;
				CLANG_WARN_SUSPICIOUS_MOVE = YES;
				CLANG_WARN_UNGUARDED_AVAILABILITY = YES_AGGRESSIVE;
				CLANG_WARN_UNREACHABLE_CODE = YES;
				CLANG_WARN__DUPLICATE_METHOD_MATCH = YES;
				CODE_SIGN_IDENTITY = "iPhone Developer";
				COPY_PHASE_STRIP = NO;
				DEBUG_INFORMATION_FORMAT = "dwarf-with-dsym";
				ENABLE_NS_ASSERTIONS = NO;
				ENABLE_STRICT_OBJC_MSGSEND = YES;
				GCC_C_LANGUAGE_STANDARD = gnu11;
				GCC_NO_COMMON_BLOCKS = YES;
				GCC_WARN_64_TO_32_BIT_CONVERSION = YES;
				GCC_WARN_ABOUT_RETURN_TYPE = YES_ERROR;
				GCC_WARN_UNDECLARED_SELECTOR = YES;
				GCC_WARN_UNINITIALIZED_AUTOS = YES_AGGRESSIVE;
				GCC_WARN_UNUSED_FUNCTION = YES;
				GCC_WARN_UNUSED_VARIABLE = YES;
				IPHONEOS_DEPLOYMENT_TARGET = 12.4;
				MTL_ENABLE_DEBUG_INFO = NO;
				MTL_FAST_MATH = YES;
				SDKROOT = iphoneos;
				SWIFT_COMPILATION_MODE = wholemodule;
				SWIFT_OPTIMIZATION_LEVEL = "-O";
				VALIDATE_PRODUCT = YES;
			};
			name = Release;
		};
		58C0A299230B04B900A63ACD /* Debug */ = {
			isa = XCBuildConfiguration;
			buildSettings = {
				ASSETCATALOG_COMPILER_APPICON_NAME = AppIcon;
				CODE_SIGN_ENTITLEMENTS = know./know..entitlements;
				CODE_SIGN_STYLE = Automatic;
				DEVELOPMENT_TEAM = "";
				INFOPLIST_FILE = "$(SRCROOT)/know./Resources/Info.plist";
				LD_RUNPATH_SEARCH_PATHS = (
					"$(inherited)",
					"@executable_path/Frameworks",
				);
				PRODUCT_BUNDLE_IDENTIFIER = "com.DMA.know-";
				PRODUCT_NAME = "$(TARGET_NAME)";
				SWIFT_VERSION = 5.0;
				TARGETED_DEVICE_FAMILY = "1,2";
			};
			name = Debug;
		};
		58C0A29A230B04B900A63ACD /* Release */ = {
			isa = XCBuildConfiguration;
			buildSettings = {
				ASSETCATALOG_COMPILER_APPICON_NAME = AppIcon;
				CODE_SIGN_ENTITLEMENTS = know./know..entitlements;
				CODE_SIGN_STYLE = Automatic;
				DEVELOPMENT_TEAM = "";
				INFOPLIST_FILE = "$(SRCROOT)/know./Resources/Info.plist";
				LD_RUNPATH_SEARCH_PATHS = (
					"$(inherited)",
					"@executable_path/Frameworks",
				);
				PRODUCT_BUNDLE_IDENTIFIER = "com.DMA.know-";
				PRODUCT_NAME = "$(TARGET_NAME)";
				SWIFT_VERSION = 5.0;
				TARGETED_DEVICE_FAMILY = "1,2";
			};
			name = Release;
		};
/* End XCBuildConfiguration section */

/* Begin XCConfigurationList section */
		58C0A281230B04B700A63ACD /* Build configuration list for PBXProject "know." */ = {
			isa = XCConfigurationList;
			buildConfigurations = (
				58C0A296230B04B900A63ACD /* Debug */,
				58C0A297230B04B900A63ACD /* Release */,
			);
			defaultConfigurationIsVisible = 0;
			defaultConfigurationName = Release;
		};
		58C0A298230B04B900A63ACD /* Build configuration list for PBXNativeTarget "know." */ = {
			isa = XCConfigurationList;
			buildConfigurations = (
				58C0A299230B04B900A63ACD /* Debug */,
				58C0A29A230B04B900A63ACD /* Release */,
			);
			defaultConfigurationIsVisible = 0;
			defaultConfigurationName = Release;
		};
/* End XCConfigurationList section */
	};
	rootObject = 58C0A27E230B04B700A63ACD /* Project object */;
}
