// !$*UTF8*$!
{
	archiveVersion = 1;
	classes = {
	};
	objectVersion = 50;
	objects = {

/* Begin PBXBuildFile section */
		530B85992318239B005D1D72 /* AddSymptomsTableViewController.swift in Sources */ = {isa = PBXBuildFile; fileRef = 530B85982318239B005D1D72 /* AddSymptomsTableViewController.swift */; };
		530B859B23184EE2005D1D72 /* CustomEntryPopupViewController.swift in Sources */ = {isa = PBXBuildFile; fileRef = 530B859A23184EE2005D1D72 /* CustomEntryPopupViewController.swift */; };
		53381C5F230EF5CD00FA1D91 /* Nunito-ExtraLight.ttf in Resources */ = {isa = PBXBuildFile; fileRef = 53381C50230EF5CD00FA1D91 /* Nunito-ExtraLight.ttf */; };
		53381C60230EF5CD00FA1D91 /* Nunito-LightItalic.ttf in Resources */ = {isa = PBXBuildFile; fileRef = 53381C51230EF5CD00FA1D91 /* Nunito-LightItalic.ttf */; };
		53381C61230EF5CD00FA1D91 /* OFL.txt in Resources */ = {isa = PBXBuildFile; fileRef = 53381C52230EF5CD00FA1D91 /* OFL.txt */; };
		53381C62230EF5CD00FA1D91 /* Nunito-RegularItalic.ttf in Resources */ = {isa = PBXBuildFile; fileRef = 53381C53230EF5CD00FA1D91 /* Nunito-RegularItalic.ttf */; };
		53381C63230EF5CD00FA1D91 /* Nunito-Light.ttf in Resources */ = {isa = PBXBuildFile; fileRef = 53381C54230EF5CD00FA1D91 /* Nunito-Light.ttf */; };
		53381C64230EF5CD00FA1D91 /* Nunito-Bold.ttf in Resources */ = {isa = PBXBuildFile; fileRef = 53381C55230EF5CD00FA1D91 /* Nunito-Bold.ttf */; };
		53381C65230EF5CD00FA1D91 /* Nunito-ExtraBoldItalic.ttf in Resources */ = {isa = PBXBuildFile; fileRef = 53381C56230EF5CD00FA1D91 /* Nunito-ExtraBoldItalic.ttf */; };
		53381C66230EF5CD00FA1D91 /* Nunito-ExtraBold.ttf in Resources */ = {isa = PBXBuildFile; fileRef = 53381C57230EF5CD00FA1D91 /* Nunito-ExtraBold.ttf */; };
		53381C67230EF5CD00FA1D91 /* Nunito-Regular.ttf in Resources */ = {isa = PBXBuildFile; fileRef = 53381C58230EF5CD00FA1D91 /* Nunito-Regular.ttf */; };
		53381C68230EF5CD00FA1D91 /* Nunito-SemiBoldItalic.ttf in Resources */ = {isa = PBXBuildFile; fileRef = 53381C59230EF5CD00FA1D91 /* Nunito-SemiBoldItalic.ttf */; };
		53381C69230EF5CD00FA1D91 /* Nunito-BlackItalic.ttf in Resources */ = {isa = PBXBuildFile; fileRef = 53381C5A230EF5CD00FA1D91 /* Nunito-BlackItalic.ttf */; };
		53381C6A230EF5CD00FA1D91 /* Nunito-BoldItalic.ttf in Resources */ = {isa = PBXBuildFile; fileRef = 53381C5B230EF5CD00FA1D91 /* Nunito-BoldItalic.ttf */; };
		53381C6B230EF5CD00FA1D91 /* Nunito-Black.ttf in Resources */ = {isa = PBXBuildFile; fileRef = 53381C5C230EF5CD00FA1D91 /* Nunito-Black.ttf */; };
		53381C6C230EF5CD00FA1D91 /* Nunito-ExtraLightItalic.ttf in Resources */ = {isa = PBXBuildFile; fileRef = 53381C5D230EF5CD00FA1D91 /* Nunito-ExtraLightItalic.ttf */; };
		53381C6D230EF5CD00FA1D91 /* Nunito-SemiBold.ttf in Resources */ = {isa = PBXBuildFile; fileRef = 53381C5E230EF5CD00FA1D91 /* Nunito-SemiBold.ttf */; };
		53381C6F230EFAC800FA1D91 /* OnboardHeightViewController.swift in Sources */ = {isa = PBXBuildFile; fileRef = 53381C6E230EFAC800FA1D91 /* OnboardHeightViewController.swift */; };
		53381C71230F033400FA1D91 /* OnboardWeightViewController.swift in Sources */ = {isa = PBXBuildFile; fileRef = 53381C70230F033400FA1D91 /* OnboardWeightViewController.swift */; };
		53381C73230F4BF400FA1D91 /* OnboardNameViewController.swift in Sources */ = {isa = PBXBuildFile; fileRef = 53381C72230F4BF400FA1D91 /* OnboardNameViewController.swift */; };
		53381C75230F4D8200FA1D91 /* OnboardWelcomeViewController.swift in Sources */ = {isa = PBXBuildFile; fileRef = 53381C74230F4D8200FA1D91 /* OnboardWelcomeViewController.swift */; };
		53381C77231038B000FA1D91 /* OnboardingFinishedViewController.swift in Sources */ = {isa = PBXBuildFile; fileRef = 53381C76231038B000FA1D91 /* OnboardingFinishedViewController.swift */; };
		53381C792310782100FA1D91 /* CustomEntry.swift in Sources */ = {isa = PBXBuildFile; fileRef = 53381C782310782100FA1D91 /* CustomEntry.swift */; };
		53381C7B2310797B00FA1D91 /* CustomEntryController.swift in Sources */ = {isa = PBXBuildFile; fileRef = 53381C7A2310797B00FA1D91 /* CustomEntryController.swift */; };
		53B140DD230B0FD9008AE180 /* Symptom.swift in Sources */ = {isa = PBXBuildFile; fileRef = 53B140DC230B0FD9008AE180 /* Symptom.swift */; };
		53B140DF230B0FE8008AE180 /* Flow.swift in Sources */ = {isa = PBXBuildFile; fileRef = 53B140DE230B0FE8008AE180 /* Flow.swift */; };
		53B140E1230B11E0008AE180 /* Mood.swift in Sources */ = {isa = PBXBuildFile; fileRef = 53B140E0230B11E0008AE180 /* Mood.swift */; };
		53B140E3230B11E7008AE180 /* Sex.swift in Sources */ = {isa = PBXBuildFile; fileRef = 53B140E2230B11E7008AE180 /* Sex.swift */; };
		53B140E5230B11FB008AE180 /* Day.swift in Sources */ = {isa = PBXBuildFile; fileRef = 53B140E4230B11FB008AE180 /* Day.swift */; };
		53B140E8230C6426008AE180 /* CloudKitController.swift in Sources */ = {isa = PBXBuildFile; fileRef = 53B140E7230C6426008AE180 /* CloudKitController.swift */; };
		53B140EA230CA662008AE180 /* DayController.swift in Sources */ = {isa = PBXBuildFile; fileRef = 53B140E9230CA662008AE180 /* DayController.swift */; };
		53B140EC230CA8F2008AE180 /* FlowController.swift in Sources */ = {isa = PBXBuildFile; fileRef = 53B140EB230CA8F2008AE180 /* FlowController.swift */; };
		53B140EE230CA9A3008AE180 /* SymptomController.swift in Sources */ = {isa = PBXBuildFile; fileRef = 53B140ED230CA9A3008AE180 /* SymptomController.swift */; };
		53B140F0230CA9EB008AE180 /* MoodController.swift in Sources */ = {isa = PBXBuildFile; fileRef = 53B140EF230CA9EB008AE180 /* MoodController.swift */; };
		53B140F2230CAA30008AE180 /* SexController.swift in Sources */ = {isa = PBXBuildFile; fileRef = 53B140F1230CAA30008AE180 /* SexController.swift */; };
		53B140F4230DB34C008AE180 /* User.swift in Sources */ = {isa = PBXBuildFile; fileRef = 53B140F3230DB34C008AE180 /* User.swift */; };
		53B140F6230DB88D008AE180 /* UserController.swift in Sources */ = {isa = PBXBuildFile; fileRef = 53B140F5230DB88D008AE180 /* UserController.swift */; };
		53B140FA230DE0BB008AE180 /* OnboardPeriodLengthViewController.swift in Sources */ = {isa = PBXBuildFile; fileRef = 53B140F9230DE0BB008AE180 /* OnboardPeriodLengthViewController.swift */; };
		53B140FC230DE4FF008AE180 /* OnboardPMSViewController.swift in Sources */ = {isa = PBXBuildFile; fileRef = 53B140FB230DE4FF008AE180 /* OnboardPMSViewController.swift */; };
		53B140FE230DE68E008AE180 /* OnboardCycleLengthViewController.swift in Sources */ = {isa = PBXBuildFile; fileRef = 53B140FD230DE68E008AE180 /* OnboardCycleLengthViewController.swift */; };
		53B14100230DF10D008AE180 /* OnboardLastPeriodViewController.swift in Sources */ = {isa = PBXBuildFile; fileRef = 53B140FF230DF10D008AE180 /* OnboardLastPeriodViewController.swift */; };
		53B14102230DFB20008AE180 /* OnboardBirthdayViewController.swift in Sources */ = {isa = PBXBuildFile; fileRef = 53B14101230DFB20008AE180 /* OnboardBirthdayViewController.swift */; };
		53B14104230DFEB7008AE180 /* DateFormatter.swift in Sources */ = {isa = PBXBuildFile; fileRef = 53B14103230DFEB7008AE180 /* DateFormatter.swift */; };
		53D0972F231475FB000D086E /* SettingListTableViewController.swift in Sources */ = {isa = PBXBuildFile; fileRef = 53D0972E231475FB000D086E /* SettingListTableViewController.swift */; };
		53D09731231479F8000D086E /* SettingProfileViewController.swift in Sources */ = {isa = PBXBuildFile; fileRef = 53D09730231479F8000D086E /* SettingProfileViewController.swift */; };
		53D097332314A730000D086E /* PopupPickerViewController.swift in Sources */ = {isa = PBXBuildFile; fileRef = 53D097322314A730000D086E /* PopupPickerViewController.swift */; };
		53EAE0102315D143008BDF38 /* AuthenticateViewController.swift in Sources */ = {isa = PBXBuildFile; fileRef = 53EAE00F2315D143008BDF38 /* AuthenticateViewController.swift */; };
		53EAE0122315D1A4008BDF38 /* LocalAuthentication.framework in Frameworks */ = {isa = PBXBuildFile; fileRef = 53EAE0112315D1A4008BDF38 /* LocalAuthentication.framework */; };
		53F58875231085C60076D7D2 /* InfoListViewController.swift in Sources */ = {isa = PBXBuildFile; fileRef = 53F58874231085C60076D7D2 /* InfoListViewController.swift */; };
		53F58877231087040076D7D2 /* HealthInfo.swift in Sources */ = {isa = PBXBuildFile; fileRef = 53F58876231087040076D7D2 /* HealthInfo.swift */; };
		53F58879231087DC0076D7D2 /* HealthInfoController.swift in Sources */ = {isa = PBXBuildFile; fileRef = 53F58878231087DC0076D7D2 /* HealthInfoController.swift */; };
		53F5887B231091B30076D7D2 /* InfoDetailViewController.swift in Sources */ = {isa = PBXBuildFile; fileRef = 53F5887A231091B30076D7D2 /* InfoDetailViewController.swift */; };
		53F5887F231443330076D7D2 /* Alerts.swift in Sources */ = {isa = PBXBuildFile; fileRef = 53F5887E231443330076D7D2 /* Alerts.swift */; };
		53F5888123144DE60076D7D2 /* OnboardStartViewController.swift in Sources */ = {isa = PBXBuildFile; fileRef = 53F5888023144DE60076D7D2 /* OnboardStartViewController.swift */; };
		58184AC52316F27A0061BFDD /* SymptomCollectionViewCell.swift in Sources */ = {isa = PBXBuildFile; fileRef = 58184AC42316F27A0061BFDD /* SymptomCollectionViewCell.swift */; };
		58184AC7231845910061BFDD /* Cycle.swift in Sources */ = {isa = PBXBuildFile; fileRef = 58184AC6231845910061BFDD /* Cycle.swift */; };
		58184AC923184D170061BFDD /* CycleController.swift in Sources */ = {isa = PBXBuildFile; fileRef = 58184AC823184D170061BFDD /* CycleController.swift */; };
		58229A2E2310637A00C29826 /* infoTab.storyboard in Resources */ = {isa = PBXBuildFile; fileRef = 58229A2D2310637A00C29826 /* infoTab.storyboard */; };
		58229A302310639600C29826 /* homeTab.storyboard in Resources */ = {isa = PBXBuildFile; fileRef = 58229A2F2310639600C29826 /* homeTab.storyboard */; };
		58229A32231063BB00C29826 /* shareTab.storyboard in Resources */ = {isa = PBXBuildFile; fileRef = 58229A31231063BB00C29826 /* shareTab.storyboard */; };
		58229A342310640500C29826 /* settingsTab.storyboard in Resources */ = {isa = PBXBuildFile; fileRef = 58229A332310640500C29826 /* settingsTab.storyboard */; };
		58229A6423142A7700C29826 /* HomeTabViewController.swift in Sources */ = {isa = PBXBuildFile; fileRef = 58229A6323142A7700C29826 /* HomeTabViewController.swift */; };
		58462713231483D2007EFA08 /* ColorExtension.swift in Sources */ = {isa = PBXBuildFile; fileRef = 58462712231483D2007EFA08 /* ColorExtension.swift */; };
		587F2091230DDE1800880F8E /* Onboarding.storyboard in Resources */ = {isa = PBXBuildFile; fileRef = 587F2090230DDE1800880F8E /* Onboarding.storyboard */; };
		58985CBD23159BE300D3016B /* CalendarTab.storyboard in Resources */ = {isa = PBXBuildFile; fileRef = 58985CBC23159BE300D3016B /* CalendarTab.storyboard */; };
		58985CBF23159D4C00D3016B /* CalendarTabViewController.swift in Sources */ = {isa = PBXBuildFile; fileRef = 58985CBE23159D4C00D3016B /* CalendarTabViewController.swift */; };
		58C0A28A230B04B700A63ACD /* AppDelegate.swift in Sources */ = {isa = PBXBuildFile; fileRef = 58C0A289230B04B700A63ACD /* AppDelegate.swift */; };
		58C0A28F230B04B700A63ACD /* Main.storyboard in Resources */ = {isa = PBXBuildFile; fileRef = 58C0A28D230B04B700A63ACD /* Main.storyboard */; };
		58C0A291230B04B900A63ACD /* Assets.xcassets in Resources */ = {isa = PBXBuildFile; fileRef = 58C0A290230B04B900A63ACD /* Assets.xcassets */; };
		58C0A294230B04B900A63ACD /* LaunchScreen.storyboard in Resources */ = {isa = PBXBuildFile; fileRef = 58C0A292230B04B900A63ACD /* LaunchScreen.storyboard */; };
		58C0A2A3230B054200A63ACD /* CloudKit.framework in Frameworks */ = {isa = PBXBuildFile; fileRef = 58C0A2A2230B054200A63ACD /* CloudKit.framework */; };
		58CD1108230C7742009A8333 /* LabelHelper.swift in Sources */ = {isa = PBXBuildFile; fileRef = 58CD1107230C7742009A8333 /* LabelHelper.swift */; };
/* End PBXBuildFile section */

/* Begin PBXFileReference section */
		530B85982318239B005D1D72 /* AddSymptomsTableViewController.swift */ = {isa = PBXFileReference; lastKnownFileType = sourcecode.swift; path = AddSymptomsTableViewController.swift; sourceTree = "<group>"; };
		530B859A23184EE2005D1D72 /* CustomEntryPopupViewController.swift */ = {isa = PBXFileReference; lastKnownFileType = sourcecode.swift; path = CustomEntryPopupViewController.swift; sourceTree = "<group>"; };
		53381C50230EF5CD00FA1D91 /* Nunito-ExtraLight.ttf */ = {isa = PBXFileReference; lastKnownFileType = file; name = "Nunito-ExtraLight.ttf"; path = "know./Nunito/Nunito-ExtraLight.ttf"; sourceTree = SOURCE_ROOT; };
		53381C51230EF5CD00FA1D91 /* Nunito-LightItalic.ttf */ = {isa = PBXFileReference; lastKnownFileType = file; name = "Nunito-LightItalic.ttf"; path = "know./Nunito/Nunito-LightItalic.ttf"; sourceTree = SOURCE_ROOT; };
		53381C52230EF5CD00FA1D91 /* OFL.txt */ = {isa = PBXFileReference; fileEncoding = 4; lastKnownFileType = text; name = OFL.txt; path = know./Nunito/OFL.txt; sourceTree = SOURCE_ROOT; };
		53381C53230EF5CD00FA1D91 /* Nunito-RegularItalic.ttf */ = {isa = PBXFileReference; lastKnownFileType = file; name = "Nunito-RegularItalic.ttf"; path = "know./Nunito/Nunito-RegularItalic.ttf"; sourceTree = SOURCE_ROOT; };
		53381C54230EF5CD00FA1D91 /* Nunito-Light.ttf */ = {isa = PBXFileReference; lastKnownFileType = file; name = "Nunito-Light.ttf"; path = "know./Nunito/Nunito-Light.ttf"; sourceTree = SOURCE_ROOT; };
		53381C55230EF5CD00FA1D91 /* Nunito-Bold.ttf */ = {isa = PBXFileReference; lastKnownFileType = file; name = "Nunito-Bold.ttf"; path = "know./Nunito/Nunito-Bold.ttf"; sourceTree = SOURCE_ROOT; };
		53381C56230EF5CD00FA1D91 /* Nunito-ExtraBoldItalic.ttf */ = {isa = PBXFileReference; lastKnownFileType = file; name = "Nunito-ExtraBoldItalic.ttf"; path = "know./Nunito/Nunito-ExtraBoldItalic.ttf"; sourceTree = SOURCE_ROOT; };
		53381C57230EF5CD00FA1D91 /* Nunito-ExtraBold.ttf */ = {isa = PBXFileReference; lastKnownFileType = file; name = "Nunito-ExtraBold.ttf"; path = "know./Nunito/Nunito-ExtraBold.ttf"; sourceTree = SOURCE_ROOT; };
		53381C58230EF5CD00FA1D91 /* Nunito-Regular.ttf */ = {isa = PBXFileReference; lastKnownFileType = file; name = "Nunito-Regular.ttf"; path = "know./Nunito/Nunito-Regular.ttf"; sourceTree = SOURCE_ROOT; };
		53381C59230EF5CD00FA1D91 /* Nunito-SemiBoldItalic.ttf */ = {isa = PBXFileReference; lastKnownFileType = file; name = "Nunito-SemiBoldItalic.ttf"; path = "know./Nunito/Nunito-SemiBoldItalic.ttf"; sourceTree = SOURCE_ROOT; };
		53381C5A230EF5CD00FA1D91 /* Nunito-BlackItalic.ttf */ = {isa = PBXFileReference; lastKnownFileType = file; name = "Nunito-BlackItalic.ttf"; path = "know./Nunito/Nunito-BlackItalic.ttf"; sourceTree = SOURCE_ROOT; };
		53381C5B230EF5CD00FA1D91 /* Nunito-BoldItalic.ttf */ = {isa = PBXFileReference; lastKnownFileType = file; name = "Nunito-BoldItalic.ttf"; path = "know./Nunito/Nunito-BoldItalic.ttf"; sourceTree = SOURCE_ROOT; };
		53381C5C230EF5CD00FA1D91 /* Nunito-Black.ttf */ = {isa = PBXFileReference; lastKnownFileType = file; name = "Nunito-Black.ttf"; path = "know./Nunito/Nunito-Black.ttf"; sourceTree = SOURCE_ROOT; };
		53381C5D230EF5CD00FA1D91 /* Nunito-ExtraLightItalic.ttf */ = {isa = PBXFileReference; lastKnownFileType = file; name = "Nunito-ExtraLightItalic.ttf"; path = "know./Nunito/Nunito-ExtraLightItalic.ttf"; sourceTree = SOURCE_ROOT; };
		53381C5E230EF5CD00FA1D91 /* Nunito-SemiBold.ttf */ = {isa = PBXFileReference; lastKnownFileType = file; name = "Nunito-SemiBold.ttf"; path = "know./Nunito/Nunito-SemiBold.ttf"; sourceTree = SOURCE_ROOT; };
		53381C6E230EFAC800FA1D91 /* OnboardHeightViewController.swift */ = {isa = PBXFileReference; lastKnownFileType = sourcecode.swift; path = OnboardHeightViewController.swift; sourceTree = "<group>"; };
		53381C70230F033400FA1D91 /* OnboardWeightViewController.swift */ = {isa = PBXFileReference; lastKnownFileType = sourcecode.swift; path = OnboardWeightViewController.swift; sourceTree = "<group>"; };
		53381C72230F4BF400FA1D91 /* OnboardNameViewController.swift */ = {isa = PBXFileReference; lastKnownFileType = sourcecode.swift; path = OnboardNameViewController.swift; sourceTree = "<group>"; };
		53381C74230F4D8200FA1D91 /* OnboardWelcomeViewController.swift */ = {isa = PBXFileReference; lastKnownFileType = sourcecode.swift; path = OnboardWelcomeViewController.swift; sourceTree = "<group>"; };
		53381C76231038B000FA1D91 /* OnboardingFinishedViewController.swift */ = {isa = PBXFileReference; lastKnownFileType = sourcecode.swift; path = OnboardingFinishedViewController.swift; sourceTree = "<group>"; };
		53381C782310782100FA1D91 /* CustomEntry.swift */ = {isa = PBXFileReference; lastKnownFileType = sourcecode.swift; path = CustomEntry.swift; sourceTree = "<group>"; };
		53381C7A2310797B00FA1D91 /* CustomEntryController.swift */ = {isa = PBXFileReference; lastKnownFileType = sourcecode.swift; path = CustomEntryController.swift; sourceTree = "<group>"; };
		53B140DC230B0FD9008AE180 /* Symptom.swift */ = {isa = PBXFileReference; lastKnownFileType = sourcecode.swift; path = Symptom.swift; sourceTree = "<group>"; };
		53B140DE230B0FE8008AE180 /* Flow.swift */ = {isa = PBXFileReference; lastKnownFileType = sourcecode.swift; path = Flow.swift; sourceTree = "<group>"; };
		53B140E0230B11E0008AE180 /* Mood.swift */ = {isa = PBXFileReference; lastKnownFileType = sourcecode.swift; path = Mood.swift; sourceTree = "<group>"; };
		53B140E2230B11E7008AE180 /* Sex.swift */ = {isa = PBXFileReference; lastKnownFileType = sourcecode.swift; path = Sex.swift; sourceTree = "<group>"; };
		53B140E4230B11FB008AE180 /* Day.swift */ = {isa = PBXFileReference; lastKnownFileType = sourcecode.swift; path = Day.swift; sourceTree = "<group>"; };
		53B140E7230C6426008AE180 /* CloudKitController.swift */ = {isa = PBXFileReference; lastKnownFileType = sourcecode.swift; path = CloudKitController.swift; sourceTree = "<group>"; };
		53B140E9230CA662008AE180 /* DayController.swift */ = {isa = PBXFileReference; lastKnownFileType = sourcecode.swift; path = DayController.swift; sourceTree = "<group>"; };
		53B140EB230CA8F2008AE180 /* FlowController.swift */ = {isa = PBXFileReference; lastKnownFileType = sourcecode.swift; path = FlowController.swift; sourceTree = "<group>"; };
		53B140ED230CA9A3008AE180 /* SymptomController.swift */ = {isa = PBXFileReference; lastKnownFileType = sourcecode.swift; path = SymptomController.swift; sourceTree = "<group>"; };
		53B140EF230CA9EB008AE180 /* MoodController.swift */ = {isa = PBXFileReference; lastKnownFileType = sourcecode.swift; path = MoodController.swift; sourceTree = "<group>"; };
		53B140F1230CAA30008AE180 /* SexController.swift */ = {isa = PBXFileReference; lastKnownFileType = sourcecode.swift; path = SexController.swift; sourceTree = "<group>"; };
		53B140F3230DB34C008AE180 /* User.swift */ = {isa = PBXFileReference; lastKnownFileType = sourcecode.swift; path = User.swift; sourceTree = "<group>"; };
		53B140F5230DB88D008AE180 /* UserController.swift */ = {isa = PBXFileReference; lastKnownFileType = sourcecode.swift; path = UserController.swift; sourceTree = "<group>"; };
		53B140F9230DE0BB008AE180 /* OnboardPeriodLengthViewController.swift */ = {isa = PBXFileReference; lastKnownFileType = sourcecode.swift; path = OnboardPeriodLengthViewController.swift; sourceTree = "<group>"; };
		53B140FB230DE4FF008AE180 /* OnboardPMSViewController.swift */ = {isa = PBXFileReference; lastKnownFileType = sourcecode.swift; path = OnboardPMSViewController.swift; sourceTree = "<group>"; };
		53B140FD230DE68E008AE180 /* OnboardCycleLengthViewController.swift */ = {isa = PBXFileReference; lastKnownFileType = sourcecode.swift; path = OnboardCycleLengthViewController.swift; sourceTree = "<group>"; };
		53B140FF230DF10D008AE180 /* OnboardLastPeriodViewController.swift */ = {isa = PBXFileReference; lastKnownFileType = sourcecode.swift; path = OnboardLastPeriodViewController.swift; sourceTree = "<group>"; };
		53B14101230DFB20008AE180 /* OnboardBirthdayViewController.swift */ = {isa = PBXFileReference; lastKnownFileType = sourcecode.swift; path = OnboardBirthdayViewController.swift; sourceTree = "<group>"; };
		53B14103230DFEB7008AE180 /* DateFormatter.swift */ = {isa = PBXFileReference; lastKnownFileType = sourcecode.swift; path = DateFormatter.swift; sourceTree = "<group>"; };
		53D0972E231475FB000D086E /* SettingListTableViewController.swift */ = {isa = PBXFileReference; lastKnownFileType = sourcecode.swift; path = SettingListTableViewController.swift; sourceTree = "<group>"; };
		53D09730231479F8000D086E /* SettingProfileViewController.swift */ = {isa = PBXFileReference; lastKnownFileType = sourcecode.swift; path = SettingProfileViewController.swift; sourceTree = "<group>"; };
		53D097322314A730000D086E /* PopupPickerViewController.swift */ = {isa = PBXFileReference; lastKnownFileType = sourcecode.swift; path = PopupPickerViewController.swift; sourceTree = "<group>"; };
		53EAE00F2315D143008BDF38 /* AuthenticateViewController.swift */ = {isa = PBXFileReference; lastKnownFileType = sourcecode.swift; path = AuthenticateViewController.swift; sourceTree = "<group>"; };
		53EAE0112315D1A4008BDF38 /* LocalAuthentication.framework */ = {isa = PBXFileReference; lastKnownFileType = wrapper.framework; name = LocalAuthentication.framework; path = System/Library/Frameworks/LocalAuthentication.framework; sourceTree = SDKROOT; };
		53F58874231085C60076D7D2 /* InfoListViewController.swift */ = {isa = PBXFileReference; lastKnownFileType = sourcecode.swift; path = InfoListViewController.swift; sourceTree = "<group>"; };
		53F58876231087040076D7D2 /* HealthInfo.swift */ = {isa = PBXFileReference; lastKnownFileType = sourcecode.swift; path = HealthInfo.swift; sourceTree = "<group>"; };
		53F58878231087DC0076D7D2 /* HealthInfoController.swift */ = {isa = PBXFileReference; lastKnownFileType = sourcecode.swift; path = HealthInfoController.swift; sourceTree = "<group>"; };
		53F5887A231091B30076D7D2 /* InfoDetailViewController.swift */ = {isa = PBXFileReference; lastKnownFileType = sourcecode.swift; path = InfoDetailViewController.swift; sourceTree = "<group>"; };
		53F5887E231443330076D7D2 /* Alerts.swift */ = {isa = PBXFileReference; lastKnownFileType = sourcecode.swift; path = Alerts.swift; sourceTree = "<group>"; };
		53F5888023144DE60076D7D2 /* OnboardStartViewController.swift */ = {isa = PBXFileReference; lastKnownFileType = sourcecode.swift; path = OnboardStartViewController.swift; sourceTree = "<group>"; };
		58184AC42316F27A0061BFDD /* SymptomCollectionViewCell.swift */ = {isa = PBXFileReference; lastKnownFileType = sourcecode.swift; path = SymptomCollectionViewCell.swift; sourceTree = "<group>"; };
		58184AC6231845910061BFDD /* Cycle.swift */ = {isa = PBXFileReference; lastKnownFileType = sourcecode.swift; path = Cycle.swift; sourceTree = "<group>"; };
		58184AC823184D170061BFDD /* CycleController.swift */ = {isa = PBXFileReference; lastKnownFileType = sourcecode.swift; path = CycleController.swift; sourceTree = "<group>"; };
		58229A2D2310637A00C29826 /* infoTab.storyboard */ = {isa = PBXFileReference; fileEncoding = 4; lastKnownFileType = file.storyboard; path = infoTab.storyboard; sourceTree = "<group>"; };
		58229A2F2310639600C29826 /* homeTab.storyboard */ = {isa = PBXFileReference; fileEncoding = 4; lastKnownFileType = file.storyboard; path = homeTab.storyboard; sourceTree = "<group>"; };
		58229A31231063BB00C29826 /* shareTab.storyboard */ = {isa = PBXFileReference; fileEncoding = 4; lastKnownFileType = file.storyboard; path = shareTab.storyboard; sourceTree = "<group>"; };
		58229A332310640500C29826 /* settingsTab.storyboard */ = {isa = PBXFileReference; fileEncoding = 4; lastKnownFileType = file.storyboard; path = settingsTab.storyboard; sourceTree = "<group>"; };
		58229A6323142A7700C29826 /* HomeTabViewController.swift */ = {isa = PBXFileReference; lastKnownFileType = sourcecode.swift; path = HomeTabViewController.swift; sourceTree = "<group>"; };
		58462712231483D2007EFA08 /* ColorExtension.swift */ = {isa = PBXFileReference; lastKnownFileType = sourcecode.swift; path = ColorExtension.swift; sourceTree = "<group>"; };
		587F2090230DDE1800880F8E /* Onboarding.storyboard */ = {isa = PBXFileReference; fileEncoding = 4; lastKnownFileType = file.storyboard; path = Onboarding.storyboard; sourceTree = "<group>"; };
		58985CBC23159BE300D3016B /* CalendarTab.storyboard */ = {isa = PBXFileReference; fileEncoding = 4; lastKnownFileType = file.storyboard; path = CalendarTab.storyboard; sourceTree = "<group>"; };
		58985CBE23159D4C00D3016B /* CalendarTabViewController.swift */ = {isa = PBXFileReference; lastKnownFileType = sourcecode.swift; path = CalendarTabViewController.swift; sourceTree = "<group>"; };
		58C0A286230B04B700A63ACD /* know..app */ = {isa = PBXFileReference; explicitFileType = wrapper.application; includeInIndex = 0; path = know..app; sourceTree = BUILT_PRODUCTS_DIR; };
		58C0A289230B04B700A63ACD /* AppDelegate.swift */ = {isa = PBXFileReference; lastKnownFileType = sourcecode.swift; path = AppDelegate.swift; sourceTree = "<group>"; };
		58C0A28E230B04B700A63ACD /* Base */ = {isa = PBXFileReference; lastKnownFileType = file.storyboard; name = Base; path = Base.lproj/Main.storyboard; sourceTree = "<group>"; };
		58C0A290230B04B900A63ACD /* Assets.xcassets */ = {isa = PBXFileReference; lastKnownFileType = folder.assetcatalog; path = Assets.xcassets; sourceTree = "<group>"; };
		58C0A293230B04B900A63ACD /* Base */ = {isa = PBXFileReference; lastKnownFileType = file.storyboard; name = Base; path = Base.lproj/LaunchScreen.storyboard; sourceTree = "<group>"; };
		58C0A295230B04B900A63ACD /* Info.plist */ = {isa = PBXFileReference; lastKnownFileType = text.plist.xml; path = Info.plist; sourceTree = "<group>"; };
		58C0A2A0230B054000A63ACD /* know..entitlements */ = {isa = PBXFileReference; lastKnownFileType = text.plist.entitlements; path = know..entitlements; sourceTree = "<group>"; };
		58C0A2A2230B054200A63ACD /* CloudKit.framework */ = {isa = PBXFileReference; lastKnownFileType = wrapper.framework; name = CloudKit.framework; path = System/Library/Frameworks/CloudKit.framework; sourceTree = SDKROOT; };
		58CD1107230C7742009A8333 /* LabelHelper.swift */ = {isa = PBXFileReference; lastKnownFileType = sourcecode.swift; path = LabelHelper.swift; sourceTree = "<group>"; };
/* End PBXFileReference section */

/* Begin PBXFrameworksBuildPhase section */
		58C0A283230B04B700A63ACD /* Frameworks */ = {
			isa = PBXFrameworksBuildPhase;
			buildActionMask = 2147483647;
			files = (
				53EAE0122315D1A4008BDF38 /* LocalAuthentication.framework in Frameworks */,
				58C0A2A3230B054200A63ACD /* CloudKit.framework in Frameworks */,
			);
			runOnlyForDeploymentPostprocessing = 0;
		};
/* End PBXFrameworksBuildPhase section */

/* Begin PBXGroup section */
		53B140E6230C63EB008AE180 /* Helpers */ = {
			isa = PBXGroup;
			children = (
				53B140E7230C6426008AE180 /* CloudKitController.swift */,
				53B14103230DFEB7008AE180 /* DateFormatter.swift */,
				58CD1107230C7742009A8333 /* LabelHelper.swift */,
				53F5887E231443330076D7D2 /* Alerts.swift */,
				58462712231483D2007EFA08 /* ColorExtension.swift */,
			);
			path = Helpers;
			sourceTree = "<group>";
		};
		53F588722310859E0076D7D2 /* Onboarding */ = {
			isa = PBXGroup;
			children = (
				53F5888023144DE60076D7D2 /* OnboardStartViewController.swift */,
				53381C72230F4BF400FA1D91 /* OnboardNameViewController.swift */,
				53381C74230F4D8200FA1D91 /* OnboardWelcomeViewController.swift */,
				53B140F9230DE0BB008AE180 /* OnboardPeriodLengthViewController.swift */,
				53B140FB230DE4FF008AE180 /* OnboardPMSViewController.swift */,
				53B140FD230DE68E008AE180 /* OnboardCycleLengthViewController.swift */,
				53B140FF230DF10D008AE180 /* OnboardLastPeriodViewController.swift */,
				53B14101230DFB20008AE180 /* OnboardBirthdayViewController.swift */,
				53381C6E230EFAC800FA1D91 /* OnboardHeightViewController.swift */,
				53381C70230F033400FA1D91 /* OnboardWeightViewController.swift */,
				53381C76231038B000FA1D91 /* OnboardingFinishedViewController.swift */,
			);
			path = Onboarding;
			sourceTree = "<group>";
		};
		53F58873231085AA0076D7D2 /* Info */ = {
			isa = PBXGroup;
			children = (
				53F58874231085C60076D7D2 /* InfoListViewController.swift */,
				53F5887A231091B30076D7D2 /* InfoDetailViewController.swift */,
			);
			path = Info;
			sourceTree = "<group>";
		};
		58C0A27D230B04B700A63ACD = {
			isa = PBXGroup;
			children = (
				58C0A288230B04B700A63ACD /* know. */,
				58C0A287230B04B700A63ACD /* Products */,
				58C0A2A1230B054200A63ACD /* Frameworks */,
			);
			sourceTree = "<group>";
		};
		58C0A287230B04B700A63ACD /* Products */ = {
			isa = PBXGroup;
			children = (
				58C0A286230B04B700A63ACD /* know..app */,
			);
			name = Products;
			sourceTree = "<group>";
		};
		58C0A288230B04B700A63ACD /* know. */ = {
			isa = PBXGroup;
			children = (
				58C0A2A0230B054000A63ACD /* know..entitlements */,
				58C0A29F230B052000A63ACD /* Views */,
				58C0A29E230B051700A63ACD /* View Controllers */,
				58C0A29D230B051100A63ACD /* Model Controllers */,
				58C0A29C230B04F900A63ACD /* Models */,
				53B140E6230C63EB008AE180 /* Helpers */,
				58C0A29B230B04D200A63ACD /* Resources */,
			);
			path = know.;
			sourceTree = "<group>";
		};
		58C0A29B230B04D200A63ACD /* Resources */ = {
			isa = PBXGroup;
			children = (
				58CD10E6230B17BA009A8333 /* font */,
				58C0A289230B04B700A63ACD /* AppDelegate.swift */,
				58C0A290230B04B900A63ACD /* Assets.xcassets */,
				58C0A292230B04B900A63ACD /* LaunchScreen.storyboard */,
				58C0A295230B04B900A63ACD /* Info.plist */,
			);
			path = Resources;
			sourceTree = "<group>";
		};
		58C0A29C230B04F900A63ACD /* Models */ = {
			isa = PBXGroup;
			children = (
				53B140F3230DB34C008AE180 /* User.swift */,
				58184AC6231845910061BFDD /* Cycle.swift */,
				53B140E4230B11FB008AE180 /* Day.swift */,
				53B140DE230B0FE8008AE180 /* Flow.swift */,
				53B140DC230B0FD9008AE180 /* Symptom.swift */,
				53B140E0230B11E0008AE180 /* Mood.swift */,
				53B140E2230B11E7008AE180 /* Sex.swift */,
				53381C782310782100FA1D91 /* CustomEntry.swift */,
				53F58876231087040076D7D2 /* HealthInfo.swift */,
			);
			path = Models;
			sourceTree = "<group>";
		};
		58C0A29D230B051100A63ACD /* Model Controllers */ = {
			isa = PBXGroup;
			children = (
				53B140F5230DB88D008AE180 /* UserController.swift */,
				53B140E9230CA662008AE180 /* DayController.swift */,
				53B140EB230CA8F2008AE180 /* FlowController.swift */,
				53B140ED230CA9A3008AE180 /* SymptomController.swift */,
				53B140EF230CA9EB008AE180 /* MoodController.swift */,
				53B140F1230CAA30008AE180 /* SexController.swift */,
				53381C7A2310797B00FA1D91 /* CustomEntryController.swift */,
				53F58878231087DC0076D7D2 /* HealthInfoController.swift */,
				58184AC823184D170061BFDD /* CycleController.swift */,
			);
			path = "Model Controllers";
			sourceTree = "<group>";
		};
		58C0A29E230B051700A63ACD /* View Controllers */ = {
			isa = PBXGroup;
			children = (
				58229A6323142A7700C29826 /* HomeTabViewController.swift */,
				58985CBE23159D4C00D3016B /* CalendarTabViewController.swift */,
				53F588722310859E0076D7D2 /* Onboarding */,
				53F58873231085AA0076D7D2 /* Info */,
				53D0972E231475FB000D086E /* SettingListTableViewController.swift */,
				53D09730231479F8000D086E /* SettingProfileViewController.swift */,
				53D097322314A730000D086E /* PopupPickerViewController.swift */,
				53EAE00F2315D143008BDF38 /* AuthenticateViewController.swift */,
				58184AC42316F27A0061BFDD /* SymptomCollectionViewCell.swift */,
				530B85982318239B005D1D72 /* AddSymptomsTableViewController.swift */,
				530B859A23184EE2005D1D72 /* CustomEntryPopupViewController.swift */,
			);
			path = "View Controllers";
			sourceTree = "<group>";
		};
		58C0A29F230B052000A63ACD /* Views */ = {
			isa = PBXGroup;
			children = (
				58C0A28D230B04B700A63ACD /* Main.storyboard */,
				587F2090230DDE1800880F8E /* Onboarding.storyboard */,
				58985CBC23159BE300D3016B /* CalendarTab.storyboard */,
				58229A332310640500C29826 /* settingsTab.storyboard */,
				58229A31231063BB00C29826 /* shareTab.storyboard */,
				58229A2F2310639600C29826 /* homeTab.storyboard */,
				58229A2D2310637A00C29826 /* infoTab.storyboard */,
			);
			path = Views;
			sourceTree = "<group>";
		};
		58C0A2A1230B054200A63ACD /* Frameworks */ = {
			isa = PBXGroup;
			children = (
				53EAE0112315D1A4008BDF38 /* LocalAuthentication.framework */,
				58C0A2A2230B054200A63ACD /* CloudKit.framework */,
			);
			name = Frameworks;
			sourceTree = "<group>";
		};
		58CD10E6230B17BA009A8333 /* font */ = {
			isa = PBXGroup;
			children = (
				53381C5C230EF5CD00FA1D91 /* Nunito-Black.ttf */,
				53381C5A230EF5CD00FA1D91 /* Nunito-BlackItalic.ttf */,
				53381C55230EF5CD00FA1D91 /* Nunito-Bold.ttf */,
				53381C5B230EF5CD00FA1D91 /* Nunito-BoldItalic.ttf */,
				53381C57230EF5CD00FA1D91 /* Nunito-ExtraBold.ttf */,
				53381C56230EF5CD00FA1D91 /* Nunito-ExtraBoldItalic.ttf */,
				53381C50230EF5CD00FA1D91 /* Nunito-ExtraLight.ttf */,
				53381C5D230EF5CD00FA1D91 /* Nunito-ExtraLightItalic.ttf */,
				53381C54230EF5CD00FA1D91 /* Nunito-Light.ttf */,
				53381C51230EF5CD00FA1D91 /* Nunito-LightItalic.ttf */,
				53381C58230EF5CD00FA1D91 /* Nunito-Regular.ttf */,
				53381C53230EF5CD00FA1D91 /* Nunito-RegularItalic.ttf */,
				53381C5E230EF5CD00FA1D91 /* Nunito-SemiBold.ttf */,
				53381C59230EF5CD00FA1D91 /* Nunito-SemiBoldItalic.ttf */,
				53381C52230EF5CD00FA1D91 /* OFL.txt */,
			);
			path = font;
			sourceTree = "<group>";
		};
/* End PBXGroup section */

/* Begin PBXNativeTarget section */
		58C0A285230B04B700A63ACD /* know. */ = {
			isa = PBXNativeTarget;
			buildConfigurationList = 58C0A298230B04B900A63ACD /* Build configuration list for PBXNativeTarget "know." */;
			buildPhases = (
				58C0A282230B04B700A63ACD /* Sources */,
				58C0A283230B04B700A63ACD /* Frameworks */,
				58C0A284230B04B700A63ACD /* Resources */,
			);
			buildRules = (
			);
			dependencies = (
			);
			name = know.;
			productName = know.;
			productReference = 58C0A286230B04B700A63ACD /* know..app */;
			productType = "com.apple.product-type.application";
		};
/* End PBXNativeTarget section */

/* Begin PBXProject section */
		58C0A27E230B04B700A63ACD /* Project object */ = {
			isa = PBXProject;
			attributes = {
				LastSwiftUpdateCheck = 1030;
				LastUpgradeCheck = 1030;
				ORGANIZATIONNAME = "Darin Armstrong";
				TargetAttributes = {
					58C0A285230B04B700A63ACD = {
						CreatedOnToolsVersion = 10.3;
						SystemCapabilities = {
							com.apple.Push = {
								enabled = 1;
							};
							com.apple.iCloud = {
								enabled = 1;
							};
						};
					};
				};
			};
			buildConfigurationList = 58C0A281230B04B700A63ACD /* Build configuration list for PBXProject "know." */;
			compatibilityVersion = "Xcode 9.3";
			developmentRegion = en;
			hasScannedForEncodings = 0;
			knownRegions = (
				en,
				Base,
			);
			mainGroup = 58C0A27D230B04B700A63ACD;
			productRefGroup = 58C0A287230B04B700A63ACD /* Products */;
			projectDirPath = "";
			projectRoot = "";
			targets = (
				58C0A285230B04B700A63ACD /* know. */,
			);
		};
/* End PBXProject section */

/* Begin PBXResourcesBuildPhase section */
		58C0A284230B04B700A63ACD /* Resources */ = {
			isa = PBXResourcesBuildPhase;
			buildActionMask = 2147483647;
			files = (
				58229A2E2310637A00C29826 /* infoTab.storyboard in Resources */,
				53381C61230EF5CD00FA1D91 /* OFL.txt in Resources */,
				53381C6C230EF5CD00FA1D91 /* Nunito-ExtraLightItalic.ttf in Resources */,
				58C0A294230B04B900A63ACD /* LaunchScreen.storyboard in Resources */,
				53381C6A230EF5CD00FA1D91 /* Nunito-BoldItalic.ttf in Resources */,
				53381C6D230EF5CD00FA1D91 /* Nunito-SemiBold.ttf in Resources */,
				58229A302310639600C29826 /* homeTab.storyboard in Resources */,
				53381C63230EF5CD00FA1D91 /* Nunito-Light.ttf in Resources */,
				58229A342310640500C29826 /* settingsTab.storyboard in Resources */,
				53381C66230EF5CD00FA1D91 /* Nunito-ExtraBold.ttf in Resources */,
				53381C69230EF5CD00FA1D91 /* Nunito-BlackItalic.ttf in Resources */,
				58229A32231063BB00C29826 /* shareTab.storyboard in Resources */,
				58C0A291230B04B900A63ACD /* Assets.xcassets in Resources */,
				58C0A28F230B04B700A63ACD /* Main.storyboard in Resources */,
				58985CBD23159BE300D3016B /* CalendarTab.storyboard in Resources */,
				53381C6B230EF5CD00FA1D91 /* Nunito-Black.ttf in Resources */,
				587F2091230DDE1800880F8E /* Onboarding.storyboard in Resources */,
				53381C64230EF5CD00FA1D91 /* Nunito-Bold.ttf in Resources */,
				53381C68230EF5CD00FA1D91 /* Nunito-SemiBoldItalic.ttf in Resources */,
				53381C60230EF5CD00FA1D91 /* Nunito-LightItalic.ttf in Resources */,
				53381C62230EF5CD00FA1D91 /* Nunito-RegularItalic.ttf in Resources */,
				53381C67230EF5CD00FA1D91 /* Nunito-Regular.ttf in Resources */,
				53381C5F230EF5CD00FA1D91 /* Nunito-ExtraLight.ttf in Resources */,
				53381C65230EF5CD00FA1D91 /* Nunito-ExtraBoldItalic.ttf in Resources */,
			);
			runOnlyForDeploymentPostprocessing = 0;
		};
/* End PBXResourcesBuildPhase section */

/* Begin PBXSourcesBuildPhase section */
		58C0A282230B04B700A63ACD /* Sources */ = {
			isa = PBXSourcesBuildPhase;
			buildActionMask = 2147483647;
			files = (
				53B14100230DF10D008AE180 /* OnboardLastPeriodViewController.swift in Sources */,
				53B140F4230DB34C008AE180 /* User.swift in Sources */,
				58184AC7231845910061BFDD /* Cycle.swift in Sources */,
				53B140FE230DE68E008AE180 /* OnboardCycleLengthViewController.swift in Sources */,
				58184AC923184D170061BFDD /* CycleController.swift in Sources */,
				58462713231483D2007EFA08 /* ColorExtension.swift in Sources */,
				53F58879231087DC0076D7D2 /* HealthInfoController.swift in Sources */,
				53B14104230DFEB7008AE180 /* DateFormatter.swift in Sources */,
				53B140EA230CA662008AE180 /* DayController.swift in Sources */,
				530B85992318239B005D1D72 /* AddSymptomsTableViewController.swift in Sources */,
				58229A6423142A7700C29826 /* HomeTabViewController.swift in Sources */,
				53D097332314A730000D086E /* PopupPickerViewController.swift in Sources */,
				53F58877231087040076D7D2 /* HealthInfo.swift in Sources */,
				53381C75230F4D8200FA1D91 /* OnboardWelcomeViewController.swift in Sources */,
				53EAE0102315D143008BDF38 /* AuthenticateViewController.swift in Sources */,
				53B140F0230CA9EB008AE180 /* MoodController.swift in Sources */,
				53381C7B2310797B00FA1D91 /* CustomEntryController.swift in Sources */,
				53B140EE230CA9A3008AE180 /* SymptomController.swift in Sources */,
				53D0972F231475FB000D086E /* SettingListTableViewController.swift in Sources */,
				53D09731231479F8000D086E /* SettingProfileViewController.swift in Sources */,
				53B140FC230DE4FF008AE180 /* OnboardPMSViewController.swift in Sources */,
				53381C77231038B000FA1D91 /* OnboardingFinishedViewController.swift in Sources */,
				58985CBF23159D4C00D3016B /* CalendarTabViewController.swift in Sources */,
				53F58875231085C60076D7D2 /* InfoListViewController.swift in Sources */,
				53B140F6230DB88D008AE180 /* UserController.swift in Sources */,
				58184AC52316F27A0061BFDD /* SymptomCollectionViewCell.swift in Sources */,
				53B140E3230B11E7008AE180 /* Sex.swift in Sources */,
				53B140EC230CA8F2008AE180 /* FlowController.swift in Sources */,
				53B140E1230B11E0008AE180 /* Mood.swift in Sources */,
				53F5888123144DE60076D7D2 /* OnboardStartViewController.swift in Sources */,
				53B140E5230B11FB008AE180 /* Day.swift in Sources */,
				53B140DF230B0FE8008AE180 /* Flow.swift in Sources */,
				53B14102230DFB20008AE180 /* OnboardBirthdayViewController.swift in Sources */,
				53381C73230F4BF400FA1D91 /* OnboardNameViewController.swift in Sources */,
				53B140E8230C6426008AE180 /* CloudKitController.swift in Sources */,
				53F5887B231091B30076D7D2 /* InfoDetailViewController.swift in Sources */,
				53B140FA230DE0BB008AE180 /* OnboardPeriodLengthViewController.swift in Sources */,
				530B859B23184EE2005D1D72 /* CustomEntryPopupViewController.swift in Sources */,
				58CD1108230C7742009A8333 /* LabelHelper.swift in Sources */,
				58C0A28A230B04B700A63ACD /* AppDelegate.swift in Sources */,
				53381C6F230EFAC800FA1D91 /* OnboardHeightViewController.swift in Sources */,
				53B140F2230CAA30008AE180 /* SexController.swift in Sources */,
				53381C792310782100FA1D91 /* CustomEntry.swift in Sources */,
				53B140DD230B0FD9008AE180 /* Symptom.swift in Sources */,
				53F5887F231443330076D7D2 /* Alerts.swift in Sources */,
				53381C71230F033400FA1D91 /* OnboardWeightViewController.swift in Sources */,
			);
			runOnlyForDeploymentPostprocessing = 0;
		};
/* End PBXSourcesBuildPhase section */

/* Begin PBXVariantGroup section */
		58C0A28D230B04B700A63ACD /* Main.storyboard */ = {
			isa = PBXVariantGroup;
			children = (
				58C0A28E230B04B700A63ACD /* Base */,
			);
			name = Main.storyboard;
			sourceTree = "<group>";
		};
		58C0A292230B04B900A63ACD /* LaunchScreen.storyboard */ = {
			isa = PBXVariantGroup;
			children = (
				58C0A293230B04B900A63ACD /* Base */,
			);
			name = LaunchScreen.storyboard;
			sourceTree = "<group>";
		};
/* End PBXVariantGroup section */

/* Begin XCBuildConfiguration section */
		58C0A296230B04B900A63ACD /* Debug */ = {
			isa = XCBuildConfiguration;
			buildSettings = {
				ALWAYS_SEARCH_USER_PATHS = NO;
				CLANG_ANALYZER_NONNULL = YES;
				CLANG_ANALYZER_NUMBER_OBJECT_CONVERSION = YES_AGGRESSIVE;
				CLANG_CXX_LANGUAGE_STANDARD = "gnu++14";
				CLANG_CXX_LIBRARY = "libc++";
				CLANG_ENABLE_MODULES = YES;
				CLANG_ENABLE_OBJC_ARC = YES;
				CLANG_ENABLE_OBJC_WEAK = YES;
				CLANG_WARN_BLOCK_CAPTURE_AUTORELEASING = YES;
				CLANG_WARN_BOOL_CONVERSION = YES;
				CLANG_WARN_COMMA = YES;
				CLANG_WARN_CONSTANT_CONVERSION = YES;
				CLANG_WARN_DEPRECATED_OBJC_IMPLEMENTATIONS = YES;
				CLANG_WARN_DIRECT_OBJC_ISA_USAGE = YES_ERROR;
				CLANG_WARN_DOCUMENTATION_COMMENTS = YES;
				CLANG_WARN_EMPTY_BODY = YES;
				CLANG_WARN_ENUM_CONVERSION = YES;
				CLANG_WARN_INFINITE_RECURSION = YES;
				CLANG_WARN_INT_CONVERSION = YES;
				CLANG_WARN_NON_LITERAL_NULL_CONVERSION = YES;
				CLANG_WARN_OBJC_IMPLICIT_RETAIN_SELF = YES;
				CLANG_WARN_OBJC_LITERAL_CONVERSION = YES;
				CLANG_WARN_OBJC_ROOT_CLASS = YES_ERROR;
				CLANG_WARN_RANGE_LOOP_ANALYSIS = YES;
				CLANG_WARN_STRICT_PROTOTYPES = YES;
				CLANG_WARN_SUSPICIOUS_MOVE = YES;
				CLANG_WARN_UNGUARDED_AVAILABILITY = YES_AGGRESSIVE;
				CLANG_WARN_UNREACHABLE_CODE = YES;
				CLANG_WARN__DUPLICATE_METHOD_MATCH = YES;
				CODE_SIGN_IDENTITY = "iPhone Developer";
				COPY_PHASE_STRIP = NO;
				DEBUG_INFORMATION_FORMAT = dwarf;
				ENABLE_STRICT_OBJC_MSGSEND = YES;
				ENABLE_TESTABILITY = YES;
				GCC_C_LANGUAGE_STANDARD = gnu11;
				GCC_DYNAMIC_NO_PIC = NO;
				GCC_NO_COMMON_BLOCKS = YES;
				GCC_OPTIMIZATION_LEVEL = 0;
				GCC_PREPROCESSOR_DEFINITIONS = (
					"DEBUG=1",
					"$(inherited)",
				);
				GCC_WARN_64_TO_32_BIT_CONVERSION = YES;
				GCC_WARN_ABOUT_RETURN_TYPE = YES_ERROR;
				GCC_WARN_UNDECLARED_SELECTOR = YES;
				GCC_WARN_UNINITIALIZED_AUTOS = YES_AGGRESSIVE;
				GCC_WARN_UNUSED_FUNCTION = YES;
				GCC_WARN_UNUSED_VARIABLE = YES;
				IPHONEOS_DEPLOYMENT_TARGET = 12.4;
				MTL_ENABLE_DEBUG_INFO = INCLUDE_SOURCE;
				MTL_FAST_MATH = YES;
				ONLY_ACTIVE_ARCH = YES;
				SDKROOT = iphoneos;
				SWIFT_ACTIVE_COMPILATION_CONDITIONS = DEBUG;
				SWIFT_OPTIMIZATION_LEVEL = "-Onone";
			};
			name = Debug;
		};
		58C0A297230B04B900A63ACD /* Release */ = {
			isa = XCBuildConfiguration;
			buildSettings = {
				ALWAYS_SEARCH_USER_PATHS = NO;
				CLANG_ANALYZER_NONNULL = YES;
				CLANG_ANALYZER_NUMBER_OBJECT_CONVERSION = YES_AGGRESSIVE;
				CLANG_CXX_LANGUAGE_STANDARD = "gnu++14";
				CLANG_CXX_LIBRARY = "libc++";
				CLANG_ENABLE_MODULES = YES;
				CLANG_ENABLE_OBJC_ARC = YES;
				CLANG_ENABLE_OBJC_WEAK = YES;
				CLANG_WARN_BLOCK_CAPTURE_AUTORELEASING = YES;
				CLANG_WARN_BOOL_CONVERSION = YES;
				CLANG_WARN_COMMA = YES;
				CLANG_WARN_CONSTANT_CONVERSION = YES;
				CLANG_WARN_DEPRECATED_OBJC_IMPLEMENTATIONS = YES;
				CLANG_WARN_DIRECT_OBJC_ISA_USAGE = YES_ERROR;
				CLANG_WARN_DOCUMENTATION_COMMENTS = YES;
				CLANG_WARN_EMPTY_BODY = YES;
				CLANG_WARN_ENUM_CONVERSION = YES;
				CLANG_WARN_INFINITE_RECURSION = YES;
				CLANG_WARN_INT_CONVERSION = YES;
				CLANG_WARN_NON_LITERAL_NULL_CONVERSION = YES;
				CLANG_WARN_OBJC_IMPLICIT_RETAIN_SELF = YES;
				CLANG_WARN_OBJC_LITERAL_CONVERSION = YES;
				CLANG_WARN_OBJC_ROOT_CLASS = YES_ERROR;
				CLANG_WARN_RANGE_LOOP_ANALYSIS = YES;
				CLANG_WARN_STRICT_PROTOTYPES = YES;
				CLANG_WARN_SUSPICIOUS_MOVE = YES;
				CLANG_WARN_UNGUARDED_AVAILABILITY = YES_AGGRESSIVE;
				CLANG_WARN_UNREACHABLE_CODE = YES;
				CLANG_WARN__DUPLICATE_METHOD_MATCH = YES;
				CODE_SIGN_IDENTITY = "iPhone Developer";
				COPY_PHASE_STRIP = NO;
				DEBUG_INFORMATION_FORMAT = "dwarf-with-dsym";
				ENABLE_NS_ASSERTIONS = NO;
				ENABLE_STRICT_OBJC_MSGSEND = YES;
				GCC_C_LANGUAGE_STANDARD = gnu11;
				GCC_NO_COMMON_BLOCKS = YES;
				GCC_WARN_64_TO_32_BIT_CONVERSION = YES;
				GCC_WARN_ABOUT_RETURN_TYPE = YES_ERROR;
				GCC_WARN_UNDECLARED_SELECTOR = YES;
				GCC_WARN_UNINITIALIZED_AUTOS = YES_AGGRESSIVE;
				GCC_WARN_UNUSED_FUNCTION = YES;
				GCC_WARN_UNUSED_VARIABLE = YES;
				IPHONEOS_DEPLOYMENT_TARGET = 12.4;
				MTL_ENABLE_DEBUG_INFO = NO;
				MTL_FAST_MATH = YES;
				SDKROOT = iphoneos;
				SWIFT_COMPILATION_MODE = wholemodule;
				SWIFT_OPTIMIZATION_LEVEL = "-O";
				VALIDATE_PRODUCT = YES;
			};
			name = Release;
		};
		58C0A299230B04B900A63ACD /* Debug */ = {
			isa = XCBuildConfiguration;
			buildSettings = {
				ASSETCATALOG_COMPILER_APPICON_NAME = AppIcon;
				CODE_SIGN_ENTITLEMENTS = know./know..entitlements;
				CODE_SIGN_IDENTITY = "iPhone Developer";
				CODE_SIGN_STYLE = Automatic;
				DEVELOPMENT_TEAM = QP48FW2MG5;
				INFOPLIST_FILE = "$(SRCROOT)/know./Resources/Info.plist";
				LD_RUNPATH_SEARCH_PATHS = (
					"$(inherited)",
					"@executable_path/Frameworks",
				);
				PRODUCT_BUNDLE_IDENTIFIER = com.DarinArmstrong.know;
				PRODUCT_NAME = "$(TARGET_NAME)";
				PROVISIONING_PROFILE_SPECIFIER = "";
				SWIFT_VERSION = 5.0;
				TARGETED_DEVICE_FAMILY = "1,2";
			};
			name = Debug;
		};
		58C0A29A230B04B900A63ACD /* Release */ = {
			isa = XCBuildConfiguration;
			buildSettings = {
				ASSETCATALOG_COMPILER_APPICON_NAME = AppIcon;
				CODE_SIGN_ENTITLEMENTS = know./know..entitlements;
				CODE_SIGN_IDENTITY = "iPhone Developer";
				CODE_SIGN_STYLE = Automatic;
				DEVELOPMENT_TEAM = QP48FW2MG5;
				INFOPLIST_FILE = "$(SRCROOT)/know./Resources/Info.plist";
				LD_RUNPATH_SEARCH_PATHS = (
					"$(inherited)",
					"@executable_path/Frameworks",
				);
				PRODUCT_BUNDLE_IDENTIFIER = com.DarinArmstrong.know;
				PRODUCT_NAME = "$(TARGET_NAME)";
				PROVISIONING_PROFILE_SPECIFIER = "";
				SWIFT_VERSION = 5.0;
				TARGETED_DEVICE_FAMILY = "1,2";
			};
			name = Release;
		};
/* End XCBuildConfiguration section */

/* Begin XCConfigurationList section */
		58C0A281230B04B700A63ACD /* Build configuration list for PBXProject "know." */ = {
			isa = XCConfigurationList;
			buildConfigurations = (
				58C0A296230B04B900A63ACD /* Debug */,
				58C0A297230B04B900A63ACD /* Release */,
			);
			defaultConfigurationIsVisible = 0;
			defaultConfigurationName = Release;
		};
		58C0A298230B04B900A63ACD /* Build configuration list for PBXNativeTarget "know." */ = {
			isa = XCConfigurationList;
			buildConfigurations = (
				58C0A299230B04B900A63ACD /* Debug */,
				58C0A29A230B04B900A63ACD /* Release */,
			);
			defaultConfigurationIsVisible = 0;
			defaultConfigurationName = Release;
		};
/* End XCConfigurationList section */
	};
	rootObject = 58C0A27E230B04B700A63ACD /* Project object */;
}
